
Microsoft Visual Studio Solution File, Format Version 12.00
# Visual Studio Version 16
VisualStudioVersion = 16.0.29025.244
MinimumVisualStudioVersion = 10.0.40219.1
Project("{FAE04EC0-301F-11D3-BF4B-00C04F79EFBC}") = "K-Shield_AVGUI", "K-Shield_AVGUI\K-Shield_AVGUI.csproj", "{457CBB4F-AB39-4156-8ADD-27A7440F9486}"
EndProject
Global
	GlobalSection(SolutionConfigurationPlatforms) = preSolution
		Debug|Any CPU = Debug|Any CPU
		Release|Any CPU = Release|Any CPU
	EndGlobalSection
	GlobalSection(ProjectConfigurationPlatforms) = postSolution
		{457CBB4F-AB39-4156-8ADD-27A7440F9486}.Debug|Any CPU.ActiveCfg = Debug|Any CPU
		{457CBB4F-AB39-4156-8ADD-27A7440F9486}.Debug|Any CPU.Build.0 = Debug|Any CPU
		{457CBB4F-AB39-4156-8ADD-27A7440F9486}.Release|Any CPU.ActiveCfg = Release|Any CPU
		{457CBB4F-AB39-4156-8ADD-27A7440F9486}.Release|Any CPU.Build.0 = Release|Any CPU
	EndGlobalSection
	GlobalSection(SolutionProperties) = preSolution
		HideSolutionNode = FALSE
	EndGlobalSection
	GlobalSection(ExtensibilityGlobals) = postSolution
		SolutionGuid = {E9EE50B6-E3DE-44D2-A09D-BD87C1EC08F2}
	EndGlobalSection
EndGlobal
